// !$*UTF8*$!
{
	archiveVersion = 1;
	classes = {
	};
	objectVersion = 56;
	objects = {

/* Begin PBXBuildFile section */
		58601EC62BA9D8FA0068B072 /* SafeCheckApp.swift in Sources */ = {isa = PBXBuildFile; fileRef = 58601EC52BA9D8FA0068B072 /* SafeCheckApp.swift */; };
		58601EC82BA9D8FA0068B072 /* ContentView.swift in Sources */ = {isa = PBXBuildFile; fileRef = 58601EC72BA9D8FA0068B072 /* ContentView.swift */; };
		58601ECA2BA9D8FC0068B072 /* Assets.xcassets in Resources */ = {isa = PBXBuildFile; fileRef = 58601EC92BA9D8FC0068B072 /* Assets.xcassets */; };
		58601ECD2BA9D8FC0068B072 /* Preview Assets.xcassets in Resources */ = {isa = PBXBuildFile; fileRef = 58601ECC2BA9D8FC0068B072 /* Preview Assets.xcassets */; };
		5879754C2BAEA35100E28A31 /* GoogleSignIn in Frameworks */ = {isa = PBXBuildFile; productRef = 5879754B2BAEA35100E28A31 /* GoogleSignIn */; };
		5879754E2BAEA35100E28A31 /* GoogleSignInSwift in Frameworks */ = {isa = PBXBuildFile; productRef = 5879754D2BAEA35100E28A31 /* GoogleSignInSwift */; };
		587975512BAEA6EC00E28A31 /* VisionView.swift in Sources */ = {isa = PBXBuildFile; fileRef = 587975502BAEA6EC00E28A31 /* VisionView.swift */; };
		58A950552BAA724300D220C0 /* Camera-SwiftUI in Frameworks */ = {isa = PBXBuildFile; productRef = 58A950542BAA724300D220C0 /* Camera-SwiftUI */; };
		58A950582BAA724B00D220C0 /* CameraView.swift in Sources */ = {isa = PBXBuildFile; fileRef = 58A950572BAA724B00D220C0 /* CameraView.swift */; };
/* End PBXBuildFile section */

/* Begin PBXFileReference section */
		58601EC22BA9D8FA0068B072 /* SafeCheck.app */ = {isa = PBXFileReference; explicitFileType = wrapper.application; includeInIndex = 0; path = SafeCheck.app; sourceTree = BUILT_PRODUCTS_DIR; };
		58601EC52BA9D8FA0068B072 /* SafeCheckApp.swift */ = {isa = PBXFileReference; lastKnownFileType = sourcecode.swift; path = SafeCheckApp.swift; sourceTree = "<group>"; };
		58601EC72BA9D8FA0068B072 /* ContentView.swift */ = {isa = PBXFileReference; lastKnownFileType = sourcecode.swift; path = ContentView.swift; sourceTree = "<group>"; };
		58601EC92BA9D8FC0068B072 /* Assets.xcassets */ = {isa = PBXFileReference; lastKnownFileType = folder.assetcatalog; path = Assets.xcassets; sourceTree = "<group>"; };
		58601ECC2BA9D8FC0068B072 /* Preview Assets.xcassets */ = {isa = PBXFileReference; lastKnownFileType = folder.assetcatalog; path = "Preview Assets.xcassets"; sourceTree = "<group>"; };
		587975502BAEA6EC00E28A31 /* VisionView.swift */ = {isa = PBXFileReference; lastKnownFileType = sourcecode.swift; path = VisionView.swift; sourceTree = "<group>"; };
		58A950572BAA724B00D220C0 /* CameraView.swift */ = {isa = PBXFileReference; lastKnownFileType = sourcecode.swift; path = CameraView.swift; sourceTree = "<group>"; };
/* End PBXFileReference section */

/* Begin PBXFrameworksBuildPhase section */
		58601EBF2BA9D8FA0068B072 /* Frameworks */ = {
			isa = PBXFrameworksBuildPhase;
			buildActionMask = 2147483647;
			files = (
				5879754E2BAEA35100E28A31 /* GoogleSignInSwift in Frameworks */,
				58A950552BAA724300D220C0 /* Camera-SwiftUI in Frameworks */,
				5879754C2BAEA35100E28A31 /* GoogleSignIn in Frameworks */,
			);
			runOnlyForDeploymentPostprocessing = 0;
		};
/* End PBXFrameworksBuildPhase section */

/* Begin PBXGroup section */
		58601EB92BA9D8FA0068B072 = {
			isa = PBXGroup;
			children = (
				58601EC42BA9D8FA0068B072 /* SafeCheck */,
				58601EC32BA9D8FA0068B072 /* Products */,
			);
			sourceTree = "<group>";
		};
		58601EC32BA9D8FA0068B072 /* Products */ = {
			isa = PBXGroup;
			children = (
				58601EC22BA9D8FA0068B072 /* SafeCheck.app */,
			);
			name = Products;
			sourceTree = "<group>";
		};
		58601EC42BA9D8FA0068B072 /* SafeCheck */ = {
			isa = PBXGroup;
			children = (
				58601EC52BA9D8FA0068B072 /* SafeCheckApp.swift */,
				58601EC72BA9D8FA0068B072 /* ContentView.swift */,
				5879754F2BAEA6B200E28A31 /* VisionKit */,
				58A950562BAA724700D220C0 /* Component */,
				58601EC92BA9D8FC0068B072 /* Assets.xcassets */,
				58601ECB2BA9D8FC0068B072 /* Preview Content */,
			);
			path = SafeCheck;
			sourceTree = "<group>";
		};
		58601ECB2BA9D8FC0068B072 /* Preview Content */ = {
			isa = PBXGroup;
			children = (
				58601ECC2BA9D8FC0068B072 /* Preview Assets.xcassets */,
			);
			path = "Preview Content";
			sourceTree = "<group>";
		};
		5879754F2BAEA6B200E28A31 /* VisionKit */ = {
			isa = PBXGroup;
			children = (
				587975502BAEA6EC00E28A31 /* VisionView.swift */,
			);
			path = VisionKit;
			sourceTree = "<group>";
		};
		58A950562BAA724700D220C0 /* Component */ = {
			isa = PBXGroup;
			children = (
				58A950572BAA724B00D220C0 /* CameraView.swift */,
			);
			path = Component;
			sourceTree = "<group>";
		};
/* End PBXGroup section */

/* Begin PBXNativeTarget section */
		58601EC12BA9D8FA0068B072 /* SafeCheck */ = {
			isa = PBXNativeTarget;
			buildConfigurationList = 58601ED02BA9D8FC0068B072 /* Build configuration list for PBXNativeTarget "SafeCheck" */;
			buildPhases = (
				58601EBE2BA9D8FA0068B072 /* Sources */,
				58601EBF2BA9D8FA0068B072 /* Frameworks */,
				58601EC02BA9D8FA0068B072 /* Resources */,
			);
			buildRules = (
			);
			dependencies = (
			);
			name = SafeCheck;
			packageProductDependencies = (
				58A950542BAA724300D220C0 /* Camera-SwiftUI */,
				5879754B2BAEA35100E28A31 /* GoogleSignIn */,
				5879754D2BAEA35100E28A31 /* GoogleSignInSwift */,
			);
			productName = SafeCheck;
			productReference = 58601EC22BA9D8FA0068B072 /* SafeCheck.app */;
			productType = "com.apple.product-type.application";
		};
/* End PBXNativeTarget section */

/* Begin PBXProject section */
		58601EBA2BA9D8FA0068B072 /* Project object */ = {
			isa = PBXProject;
			attributes = {
				BuildIndependentTargetsInParallel = 1;
				LastSwiftUpdateCheck = 1530;
				LastUpgradeCheck = 1530;
				TargetAttributes = {
					58601EC12BA9D8FA0068B072 = {
						CreatedOnToolsVersion = 15.3;
					};
				};
			};
			buildConfigurationList = 58601EBD2BA9D8FA0068B072 /* Build configuration list for PBXProject "SafeCheck" */;
			compatibilityVersion = "Xcode 14.0";
			developmentRegion = en;
			hasScannedForEncodings = 0;
			knownRegions = (
				en,
				Base,
			);
			mainGroup = 58601EB92BA9D8FA0068B072;
			packageReferences = (
				58A950532BAA724300D220C0 /* XCRemoteSwiftPackageReference "Camera-SwiftUI" */,
				5879754A2BAEA35100E28A31 /* XCRemoteSwiftPackageReference "GoogleSignIn-iOS" */,
			);
			productRefGroup = 58601EC32BA9D8FA0068B072 /* Products */;
			projectDirPath = "";
			projectRoot = "";
			targets = (
				58601EC12BA9D8FA0068B072 /* SafeCheck */,
			);
		};
/* End PBXProject section */

/* Begin PBXResourcesBuildPhase section */
		58601EC02BA9D8FA0068B072 /* Resources */ = {
			isa = PBXResourcesBuildPhase;
			buildActionMask = 2147483647;
			files = (
				58601ECD2BA9D8FC0068B072 /* Preview Assets.xcassets in Resources */,
				58601ECA2BA9D8FC0068B072 /* Assets.xcassets in Resources */,
			);
			runOnlyForDeploymentPostprocessing = 0;
		};
/* End PBXResourcesBuildPhase section */

/* Begin PBXSourcesBuildPhase section */
		58601EBE2BA9D8FA0068B072 /* Sources */ = {
			isa = PBXSourcesBuildPhase;
			buildActionMask = 2147483647;
			files = (
				58A950582BAA724B00D220C0 /* CameraView.swift in Sources */,
				58601EC82BA9D8FA0068B072 /* ContentView.swift in Sources */,
				587975512BAEA6EC00E28A31 /* VisionView.swift in Sources */,
				58601EC62BA9D8FA0068B072 /* SafeCheckApp.swift in Sources */,
			);
			runOnlyForDeploymentPostprocessing = 0;
		};
/* End PBXSourcesBuildPhase section */

/* Begin XCBuildConfiguration section */
		58601ECE2BA9D8FC0068B072 /* Debug */ = {
			isa = XCBuildConfiguration;
			buildSettings = {
				ALWAYS_SEARCH_USER_PATHS = NO;
				ASSETCATALOG_COMPILER_GENERATE_SWIFT_ASSET_SYMBOL_EXTENSIONS = YES;
				CLANG_ANALYZER_NONNULL = YES;
				CLANG_ANALYZER_NUMBER_OBJECT_CONVERSION = YES_AGGRESSIVE;
				CLANG_CXX_LANGUAGE_STANDARD = "gnu++20";
				CLANG_ENABLE_MODULES = YES;
				CLANG_ENABLE_OBJC_ARC = YES;
				CLANG_ENABLE_OBJC_WEAK = YES;
				CLANG_WARN_BLOCK_CAPTURE_AUTORELEASING = YES;
				CLANG_WARN_BOOL_CONVERSION = YES;
				CLANG_WARN_COMMA = YES;
				CLANG_WARN_CONSTANT_CONVERSION = YES;
				CLANG_WARN_DEPRECATED_OBJC_IMPLEMENTATIONS = YES;
				CLANG_WARN_DIRECT_OBJC_ISA_USAGE = YES_ERROR;
				CLANG_WARN_DOCUMENTATION_COMMENTS = YES;
				CLANG_WARN_EMPTY_BODY = YES;
				CLANG_WARN_ENUM_CONVERSION = YES;
				CLANG_WARN_INFINITE_RECURSION = YES;
				CLANG_WARN_INT_CONVERSION = YES;
				CLANG_WARN_NON_LITERAL_NULL_CONVERSION = YES;
				CLANG_WARN_OBJC_IMPLICIT_RETAIN_SELF = YES;
				CLANG_WARN_OBJC_LITERAL_CONVERSION = YES;
				CLANG_WARN_OBJC_ROOT_CLASS = YES_ERROR;
				CLANG_WARN_QUOTED_INCLUDE_IN_FRAMEWORK_HEADER = YES;
				CLANG_WARN_RANGE_LOOP_ANALYSIS = YES;
				CLANG_WARN_STRICT_PROTOTYPES = YES;
				CLANG_WARN_SUSPICIOUS_MOVE = YES;
				CLANG_WARN_UNGUARDED_AVAILABILITY = YES_AGGRESSIVE;
				CLANG_WARN_UNREACHABLE_CODE = YES;
				CLANG_WARN__DUPLICATE_METHOD_MATCH = YES;
				COPY_PHASE_STRIP = NO;
				DEBUG_INFORMATION_FORMAT = dwarf;
				ENABLE_STRICT_OBJC_MSGSEND = YES;
				ENABLE_TESTABILITY = YES;
				ENABLE_USER_SCRIPT_SANDBOXING = YES;
				GCC_C_LANGUAGE_STANDARD = gnu17;
				GCC_DYNAMIC_NO_PIC = NO;
				GCC_NO_COMMON_BLOCKS = YES;
				GCC_OPTIMIZATION_LEVEL = 0;
				GCC_PREPROCESSOR_DEFINITIONS = (
					"DEBUG=1",
					"$(inherited)",
				);
				GCC_WARN_64_TO_32_BIT_CONVERSION = YES;
				GCC_WARN_ABOUT_RETURN_TYPE = YES_ERROR;
				GCC_WARN_UNDECLARED_SELECTOR = YES;
				GCC_WARN_UNINITIALIZED_AUTOS = YES_AGGRESSIVE;
				GCC_WARN_UNUSED_FUNCTION = YES;
				GCC_WARN_UNUSED_VARIABLE = YES;
				IPHONEOS_DEPLOYMENT_TARGET = 16.0;
				LOCALIZATION_PREFERS_STRING_CATALOGS = YES;
				MTL_ENABLE_DEBUG_INFO = INCLUDE_SOURCE;
				MTL_FAST_MATH = YES;
				ONLY_ACTIVE_ARCH = YES;
				SDKROOT = iphoneos;
				SWIFT_ACTIVE_COMPILATION_CONDITIONS = "DEBUG $(inherited)";
				SWIFT_OPTIMIZATION_LEVEL = "-Onone";
			};
			name = Debug;
		};
		58601ECF2BA9D8FC0068B072 /* Release */ = {
			isa = XCBuildConfiguration;
			buildSettings = {
				ALWAYS_SEARCH_USER_PATHS = NO;
				ASSETCATALOG_COMPILER_GENERATE_SWIFT_ASSET_SYMBOL_EXTENSIONS = YES;
				CLANG_ANALYZER_NONNULL = YES;
				CLANG_ANALYZER_NUMBER_OBJECT_CONVERSION = YES_AGGRESSIVE;
				CLANG_CXX_LANGUAGE_STANDARD = "gnu++20";
				CLANG_ENABLE_MODULES = YES;
				CLANG_ENABLE_OBJC_ARC = YES;
				CLANG_ENABLE_OBJC_WEAK = YES;
				CLANG_WARN_BLOCK_CAPTURE_AUTORELEASING = YES;
				CLANG_WARN_BOOL_CONVERSION = YES;
				CLANG_WARN_COMMA = YES;
				CLANG_WARN_CONSTANT_CONVERSION = YES;
				CLANG_WARN_DEPRECATED_OBJC_IMPLEMENTATIONS = YES;
				CLANG_WARN_DIRECT_OBJC_ISA_USAGE = YES_ERROR;
				CLANG_WARN_DOCUMENTATION_COMMENTS = YES;
				CLANG_WARN_EMPTY_BODY = YES;
				CLANG_WARN_ENUM_CONVERSION = YES;
				CLANG_WARN_INFINITE_RECURSION = YES;
				CLANG_WARN_INT_CONVERSION = YES;
				CLANG_WARN_NON_LITERAL_NULL_CONVERSION = YES;
				CLANG_WARN_OBJC_IMPLICIT_RETAIN_SELF = YES;
				CLANG_WARN_OBJC_LITERAL_CONVERSION = YES;
				CLANG_WARN_OBJC_ROOT_CLASS = YES_ERROR;
				CLANG_WARN_QUOTED_INCLUDE_IN_FRAMEWORK_HEADER = YES;
				CLANG_WARN_RANGE_LOOP_ANALYSIS = YES;
				CLANG_WARN_STRICT_PROTOTYPES = YES;
				CLANG_WARN_SUSPICIOUS_MOVE = YES;
				CLANG_WARN_UNGUARDED_AVAILABILITY = YES_AGGRESSIVE;
				CLANG_WARN_UNREACHABLE_CODE = YES;
				CLANG_WARN__DUPLICATE_METHOD_MATCH = YES;
				COPY_PHASE_STRIP = NO;
				DEBUG_INFORMATION_FORMAT = "dwarf-with-dsym";
				ENABLE_NS_ASSERTIONS = NO;
				ENABLE_STRICT_OBJC_MSGSEND = YES;
				ENABLE_USER_SCRIPT_SANDBOXING = YES;
				GCC_C_LANGUAGE_STANDARD = gnu17;
				GCC_NO_COMMON_BLOCKS = YES;
				GCC_WARN_64_TO_32_BIT_CONVERSION = YES;
				GCC_WARN_ABOUT_RETURN_TYPE = YES_ERROR;
				GCC_WARN_UNDECLARED_SELECTOR = YES;
				GCC_WARN_UNINITIALIZED_AUTOS = YES_AGGRESSIVE;
				GCC_WARN_UNUSED_FUNCTION = YES;
				GCC_WARN_UNUSED_VARIABLE = YES;
				IPHONEOS_DEPLOYMENT_TARGET = 16.0;
				LOCALIZATION_PREFERS_STRING_CATALOGS = YES;
				MTL_ENABLE_DEBUG_INFO = NO;
				MTL_FAST_MATH = YES;
				SDKROOT = iphoneos;
				SWIFT_COMPILATION_MODE = wholemodule;
				VALIDATE_PRODUCT = YES;
			};
			name = Release;
		};
		58601ED12BA9D8FC0068B072 /* Debug */ = {
			isa = XCBuildConfiguration;
			buildSettings = {
				ASSETCATALOG_COMPILER_APPICON_NAME = AppIcon;
				ASSETCATALOG_COMPILER_GLOBAL_ACCENT_COLOR_NAME = AccentColor;
				CODE_SIGN_STYLE = Automatic;
				CURRENT_PROJECT_VERSION = 1;
				DEVELOPMENT_ASSET_PATHS = "\"SafeCheck/Preview Content\"";
				DEVELOPMENT_TEAM = 8RGKJ6S53F;
				ENABLE_PREVIEWS = YES;
				GENERATE_INFOPLIST_FILE = YES;
				INFOPLIST_KEY_NSCameraUsageDescription = "카메라 접근이 필요합니다.";
				INFOPLIST_KEY_UIApplicationSceneManifest_Generation = YES;
				INFOPLIST_KEY_UIApplicationSupportsIndirectInputEvents = YES;
				INFOPLIST_KEY_UILaunchScreen_Generation = YES;
				INFOPLIST_KEY_UISupportedInterfaceOrientations_iPad = "UIInterfaceOrientationPortrait UIInterfaceOrientationPortraitUpsideDown UIInterfaceOrientationLandscapeLeft UIInterfaceOrientationLandscapeRight";
				INFOPLIST_KEY_UISupportedInterfaceOrientations_iPhone = "UIInterfaceOrientationPortrait UIInterfaceOrientationLandscapeLeft UIInterfaceOrientationLandscapeRight";
				IPHONEOS_DEPLOYMENT_TARGET = 16.0;
				LD_RUNPATH_SEARCH_PATHS = (
					"$(inherited)",
					"@executable_path/Frameworks",
				);
				MARKETING_VERSION = 1.0;
				PRODUCT_BUNDLE_IDENTIFIER = kr.hs.dgsw.SafeCheck;
				PRODUCT_NAME = "$(TARGET_NAME)";
				SWIFT_EMIT_LOC_STRINGS = YES;
				SWIFT_VERSION = 5.0;
				TARGETED_DEVICE_FAMILY = "1,2";
			};
			name = Debug;
		};
		58601ED22BA9D8FC0068B072 /* Release */ = {
			isa = XCBuildConfiguration;
			buildSettings = {
				ASSETCATALOG_COMPILER_APPICON_NAME = AppIcon;
				ASSETCATALOG_COMPILER_GLOBAL_ACCENT_COLOR_NAME = AccentColor;
				CODE_SIGN_STYLE = Automatic;
				CURRENT_PROJECT_VERSION = 1;
				DEVELOPMENT_ASSET_PATHS = "\"SafeCheck/Preview Content\"";
				DEVELOPMENT_TEAM = 8RGKJ6S53F;
				ENABLE_PREVIEWS = YES;
				GENERATE_INFOPLIST_FILE = YES;
				INFOPLIST_KEY_NSCameraUsageDescription = "카메라 접근이 필요합니다.";
				INFOPLIST_KEY_UIApplicationSceneManifest_Generation = YES;
				INFOPLIST_KEY_UIApplicationSupportsIndirectInputEvents = YES;
				INFOPLIST_KEY_UILaunchScreen_Generation = YES;
				INFOPLIST_KEY_UISupportedInterfaceOrientations_iPad = "UIInterfaceOrientationPortrait UIInterfaceOrientationPortraitUpsideDown UIInterfaceOrientationLandscapeLeft UIInterfaceOrientationLandscapeRight";
				INFOPLIST_KEY_UISupportedInterfaceOrientations_iPhone = "UIInterfaceOrientationPortrait UIInterfaceOrientationLandscapeLeft UIInterfaceOrientationLandscapeRight";
				IPHONEOS_DEPLOYMENT_TARGET = 16.0;
				LD_RUNPATH_SEARCH_PATHS = (
					"$(inherited)",
					"@executable_path/Frameworks",
				);
				MARKETING_VERSION = 1.0;
				PRODUCT_BUNDLE_IDENTIFIER = kr.hs.dgsw.SafeCheck;
				PRODUCT_NAME = "$(TARGET_NAME)";
				SWIFT_EMIT_LOC_STRINGS = YES;
				SWIFT_VERSION = 5.0;
				TARGETED_DEVICE_FAMILY = "1,2";
			};
			name = Release;
		};
/* End XCBuildConfiguration section */

/* Begin XCConfigurationList section */
		58601EBD2BA9D8FA0068B072 /* Build configuration list for PBXProject "SafeCheck" */ = {
			isa = XCConfigurationList;
			buildConfigurations = (
				58601ECE2BA9D8FC0068B072 /* Debug */,
				58601ECF2BA9D8FC0068B072 /* Release */,
			);
			defaultConfigurationIsVisible = 0;
			defaultConfigurationName = Release;
		};
		58601ED02BA9D8FC0068B072 /* Build configuration list for PBXNativeTarget "SafeCheck" */ = {
			isa = XCConfigurationList;
			buildConfigurations = (
				58601ED12BA9D8FC0068B072 /* Debug */,
				58601ED22BA9D8FC0068B072 /* Release */,
			);
			defaultConfigurationIsVisible = 0;
			defaultConfigurationName = Release;
		};
/* End XCConfigurationList section */

/* Begin XCRemoteSwiftPackageReference section */
		5879754A2BAEA35100E28A31 /* XCRemoteSwiftPackageReference "GoogleSignIn-iOS" */ = {
			isa = XCRemoteSwiftPackageReference;
			repositoryURL = "https://github.com/google/GoogleSignIn-iOS";
			requirement = {
				kind = upToNextMajorVersion;
				minimumVersion = 7.0.0;
			};
		};
		58A950532BAA724300D220C0 /* XCRemoteSwiftPackageReference "Camera-SwiftUI" */ = {
			isa = XCRemoteSwiftPackageReference;
			repositoryURL = "https://github.com/rorodriguez116/Camera-SwiftUI";
			requirement = {
				kind = upToNextMajorVersion;
				minimumVersion = 0.5.0;
			};
		};
/* End XCRemoteSwiftPackageReference section */

/* Begin XCSwiftPackageProductDependency section */
		5879754B2BAEA35100E28A31 /* GoogleSignIn */ = {
			isa = XCSwiftPackageProductDependency;
			package = 5879754A2BAEA35100E28A31 /* XCRemoteSwiftPackageReference "GoogleSignIn-iOS" */;
			productName = GoogleSignIn;
		};
		5879754D2BAEA35100E28A31 /* GoogleSignInSwift */ = {
			isa = XCSwiftPackageProductDependency;
			package = 5879754A2BAEA35100E28A31 /* XCRemoteSwiftPackageReference "GoogleSignIn-iOS" */;
			productName = GoogleSignInSwift;
		};
		58A950542BAA724300D220C0 /* Camera-SwiftUI */ = {
			isa = XCSwiftPackageProductDependency;
			package = 58A950532BAA724300D220C0 /* XCRemoteSwiftPackageReference "Camera-SwiftUI" */;
			productName = "Camera-SwiftUI";
		};
/* End XCSwiftPackageProductDependency section */
	};
	rootObject = 58601EBA2BA9D8FA0068B072 /* Project object */;
}
